// !$*UTF8*$!
{
	archiveVersion = 1;
	classes = {
	};
	objectVersion = 56;
	objects = {

/* Begin PBXBuildFile section */
		963042E62B6A739C008D6F5A /* main.swift in Sources */ = {isa = PBXBuildFile; fileRef = 963042E52B6A739C008D6F5A /* main.swift */; };
		963042ED2B6A74F3008D6F5A /* TokenStateType.swift in Sources */ = {isa = PBXBuildFile; fileRef = 963042EC2B6A74F3008D6F5A /* TokenStateType.swift */; };
		963042EF2B6A75DE008D6F5A /* DfaState.swift in Sources */ = {isa = PBXBuildFile; fileRef = 963042EE2B6A75DE008D6F5A /* DfaState.swift */; };
		96A0D0EA2B834CA500E1DB02 /* ASTNodeType.swift in Sources */ = {isa = PBXBuildFile; fileRef = 96A0D0E92B834CA500E1DB02 /* ASTNodeType.swift */; };
		96A0D0EC2B83543600E1DB02 /* SimpleCalculator.swift in Sources */ = {isa = PBXBuildFile; fileRef = 96A0D0EB2B83543600E1DB02 /* SimpleCalculator.swift */; };
		96B0301C2B74C06800E4A496 /* ASTNode.swift in Sources */ = {isa = PBXBuildFile; fileRef = 96B0301B2B74C06800E4A496 /* ASTNode.swift */; };
		96E770E52B844100009E6345 /* CustomError.swift in Sources */ = {isa = PBXBuildFile; fileRef = 96E770E42B844100009E6345 /* CustomError.swift */; };
		96FFDC5C2B6B47CF005029CF /* SimpleTokenReader.swift in Sources */ = {isa = PBXBuildFile; fileRef = 96FFDC5B2B6B47CF005029CF /* SimpleTokenReader.swift */; };
		96FFDC5E2B6B480E005029CF /* TokenReader.swift in Sources */ = {isa = PBXBuildFile; fileRef = 96FFDC5D2B6B480E005029CF /* TokenReader.swift */; };
		96FFDC602B6B490B005029CF /* Token.swift in Sources */ = {isa = PBXBuildFile; fileRef = 96FFDC5F2B6B490B005029CF /* Token.swift */; };
		96FFDC622B6B6EDB005029CF /* SimpleLexer.swift in Sources */ = {isa = PBXBuildFile; fileRef = 96FFDC612B6B6EDB005029CF /* SimpleLexer.swift */; };
		96FFDC642B6B6F55005029CF /* SimpleToken.swift in Sources */ = {isa = PBXBuildFile; fileRef = 96FFDC632B6B6F55005029CF /* SimpleToken.swift */; };
/* End PBXBuildFile section */

/* Begin PBXCopyFilesBuildPhase section */
		963042E02B6A739C008D6F5A /* CopyFiles */ = {
			isa = PBXCopyFilesBuildPhase;
			buildActionMask = 2147483647;
			dstPath = /usr/share/man/man1/;
			dstSubfolderSpec = 0;
			files = (
			);
			runOnlyForDeploymentPostprocessing = 1;
		};
/* End PBXCopyFilesBuildPhase section */

/* Begin PBXFileReference section */
		963042E22B6A739C008D6F5A /* TokenAnalize */ = {isa = PBXFileReference; explicitFileType = "compiled.mach-o.executable"; includeInIndex = 0; path = TokenAnalize; sourceTree = BUILT_PRODUCTS_DIR; };
		963042E52B6A739C008D6F5A /* main.swift */ = {isa = PBXFileReference; lastKnownFileType = sourcecode.swift; path = main.swift; sourceTree = "<group>"; };
		963042EC2B6A74F3008D6F5A /* TokenStateType.swift */ = {isa = PBXFileReference; lastKnownFileType = sourcecode.swift; path = TokenStateType.swift; sourceTree = "<group>"; };
		963042EE2B6A75DE008D6F5A /* DfaState.swift */ = {isa = PBXFileReference; lastKnownFileType = sourcecode.swift; path = DfaState.swift; sourceTree = "<group>"; };
		96A0D0E92B834CA500E1DB02 /* ASTNodeType.swift */ = {isa = PBXFileReference; lastKnownFileType = sourcecode.swift; path = ASTNodeType.swift; sourceTree = "<group>"; };
		96A0D0EB2B83543600E1DB02 /* SimpleCalculator.swift */ = {isa = PBXFileReference; lastKnownFileType = sourcecode.swift; path = SimpleCalculator.swift; sourceTree = "<group>"; };
		96B0301B2B74C06800E4A496 /* ASTNode.swift */ = {isa = PBXFileReference; lastKnownFileType = sourcecode.swift; path = ASTNode.swift; sourceTree = "<group>"; };
		96E770E42B844100009E6345 /* CustomError.swift */ = {isa = PBXFileReference; lastKnownFileType = sourcecode.swift; path = CustomError.swift; sourceTree = "<group>"; };
		96FFDC5B2B6B47CF005029CF /* SimpleTokenReader.swift */ = {isa = PBXFileReference; lastKnownFileType = sourcecode.swift; path = SimpleTokenReader.swift; sourceTree = "<group>"; };
		96FFDC5D2B6B480E005029CF /* TokenReader.swift */ = {isa = PBXFileReference; lastKnownFileType = sourcecode.swift; path = TokenReader.swift; sourceTree = "<group>"; };
		96FFDC5F2B6B490B005029CF /* Token.swift */ = {isa = PBXFileReference; lastKnownFileType = sourcecode.swift; path = Token.swift; sourceTree = "<group>"; };
		96FFDC612B6B6EDB005029CF /* SimpleLexer.swift */ = {isa = PBXFileReference; lastKnownFileType = sourcecode.swift; path = SimpleLexer.swift; sourceTree = "<group>"; };
		96FFDC632B6B6F55005029CF /* SimpleToken.swift */ = {isa = PBXFileReference; lastKnownFileType = sourcecode.swift; path = SimpleToken.swift; sourceTree = "<group>"; };
/* End PBXFileReference section */

/* Begin PBXFrameworksBuildPhase section */
		963042DF2B6A739C008D6F5A /* Frameworks */ = {
			isa = PBXFrameworksBuildPhase;
			buildActionMask = 2147483647;
			files = (
			);
			runOnlyForDeploymentPostprocessing = 0;
		};
/* End PBXFrameworksBuildPhase section */

/* Begin PBXGroup section */
		963042D92B6A739C008D6F5A = {
			isa = PBXGroup;
			children = (
				963042E42B6A739C008D6F5A /* TokenAnalize */,
				963042E32B6A739C008D6F5A /* Products */,
			);
			sourceTree = "<group>";
		};
		963042E32B6A739C008D6F5A /* Products */ = {
			isa = PBXGroup;
			children = (
				963042E22B6A739C008D6F5A /* TokenAnalize */,
			);
			name = Products;
			sourceTree = "<group>";
		};
		963042E42B6A739C008D6F5A /* TokenAnalize */ = {
			isa = PBXGroup;
			children = (
				963042E52B6A739C008D6F5A /* main.swift */,
				963042EC2B6A74F3008D6F5A /* TokenStateType.swift */,
				963042EE2B6A75DE008D6F5A /* DfaState.swift */,
				96FFDC5B2B6B47CF005029CF /* SimpleTokenReader.swift */,
				96FFDC5D2B6B480E005029CF /* TokenReader.swift */,
				96FFDC5F2B6B490B005029CF /* Token.swift */,
				96FFDC612B6B6EDB005029CF /* SimpleLexer.swift */,
				96FFDC632B6B6F55005029CF /* SimpleToken.swift */,
				96B0301B2B74C06800E4A496 /* ASTNode.swift */,
				96A0D0E92B834CA500E1DB02 /* ASTNodeType.swift */,
				96A0D0EB2B83543600E1DB02 /* SimpleCalculator.swift */,
				96E770E42B844100009E6345 /* CustomError.swift */,
			);
			path = TokenAnalize;
			sourceTree = "<group>";
		};
/* End PBXGroup section */

/* Begin PBXNativeTarget section */
		963042E12B6A739C008D6F5A /* TokenAnalize */ = {
			isa = PBXNativeTarget;
			buildConfigurationList = 963042E92B6A739C008D6F5A /* Build configuration list for PBXNativeTarget "TokenAnalize" */;
			buildPhases = (
				963042DE2B6A739C008D6F5A /* Sources */,
				963042DF2B6A739C008D6F5A /* Frameworks */,
				963042E02B6A739C008D6F5A /* CopyFiles */,
			);
			buildRules = (
			);
			dependencies = (
			);
			name = TokenAnalize;
			productName = TokenAnalize;
			productReference = 963042E22B6A739C008D6F5A /* TokenAnalize */;
			productType = "com.apple.product-type.tool";
		};
/* End PBXNativeTarget section */

/* Begin PBXProject section */
		963042DA2B6A739C008D6F5A /* Project object */ = {
			isa = PBXProject;
			attributes = {
				BuildIndependentTargetsInParallel = 1;
				LastSwiftUpdateCheck = 1500;
				LastUpgradeCheck = 1500;
				TargetAttributes = {
					963042E12B6A739C008D6F5A = {
						CreatedOnToolsVersion = 15.0.1;
					};
				};
			};
			buildConfigurationList = 963042DD2B6A739C008D6F5A /* Build configuration list for PBXProject "TokenAnalize" */;
			compatibilityVersion = "Xcode 14.0";
			developmentRegion = en;
			hasScannedForEncodings = 0;
			knownRegions = (
				en,
				Base,
			);
			mainGroup = 963042D92B6A739C008D6F5A;
			productRefGroup = 963042E32B6A739C008D6F5A /* Products */;
			projectDirPath = "";
			projectRoot = "";
			targets = (
				963042E12B6A739C008D6F5A /* TokenAnalize */,
			);
		};
/* End PBXProject section */

/* Begin PBXSourcesBuildPhase section */
		963042DE2B6A739C008D6F5A /* Sources */ = {
			isa = PBXSourcesBuildPhase;
			buildActionMask = 2147483647;
			files = (
				96FFDC5C2B6B47CF005029CF /* SimpleTokenReader.swift in Sources */,
				963042EF2B6A75DE008D6F5A /* DfaState.swift in Sources */,
				96A0D0EC2B83543600E1DB02 /* SimpleCalculator.swift in Sources */,
				963042E62B6A739C008D6F5A /* main.swift in Sources */,
				96B0301C2B74C06800E4A496 /* ASTNode.swift in Sources */,
				96E770E52B844100009E6345 /* CustomError.swift in Sources */,
				96A0D0EA2B834CA500E1DB02 /* ASTNodeType.swift in Sources */,
				96FFDC602B6B490B005029CF /* Token.swift in Sources */,
				96FFDC5E2B6B480E005029CF /* TokenReader.swift in Sources */,
				963042ED2B6A74F3008D6F5A /* TokenStateType.swift in Sources */,
				96FFDC622B6B6EDB005029CF /* SimpleLexer.swift in Sources */,
				96FFDC642B6B6F55005029CF /* SimpleToken.swift in Sources */,
			);
			runOnlyForDeploymentPostprocessing = 0;
		};
/* End PBXSourcesBuildPhase section */

/* Begin XCBuildConfiguration section */
		963042E72B6A739C008D6F5A /* Debug */ = {
			isa = XCBuildConfiguration;
			buildSettings = {
				ALWAYS_SEARCH_USER_PATHS = NO;
				ASSETCATALOG_COMPILER_GENERATE_SWIFT_ASSET_SYMBOL_EXTENSIONS = YES;
				CLANG_ANALYZER_NONNULL = YES;
				CLANG_ANALYZER_NUMBER_OBJECT_CONVERSION = YES_AGGRESSIVE;
				CLANG_CXX_LANGUAGE_STANDARD = "gnu++20";
				CLANG_ENABLE_MODULES = YES;
				CLANG_ENABLE_OBJC_ARC = YES;
				CLANG_ENABLE_OBJC_WEAK = YES;
				CLANG_WARN_BLOCK_CAPTURE_AUTORELEASING = YES;
				CLANG_WARN_BOOL_CONVERSION = YES;
				CLANG_WARN_COMMA = YES;
				CLANG_WARN_CONSTANT_CONVERSION = YES;
				CLANG_WARN_DEPRECATED_OBJC_IMPLEMENTATIONS = YES;
				CLANG_WARN_DIRECT_OBJC_ISA_USAGE = YES_ERROR;
				CLANG_WARN_DOCUMENTATION_COMMENTS = YES;
				CLANG_WARN_EMPTY_BODY = YES;
				CLANG_WARN_ENUM_CONVERSION = YES;
				CLANG_WARN_INFINITE_RECURSION = YES;
				CLANG_WARN_INT_CONVERSION = YES;
				CLANG_WARN_NON_LITERAL_NULL_CONVERSION = YES;
				CLANG_WARN_OBJC_IMPLICIT_RETAIN_SELF = YES;
				CLANG_WARN_OBJC_LITERAL_CONVERSION = YES;
				CLANG_WARN_OBJC_ROOT_CLASS = YES_ERROR;
				CLANG_WARN_QUOTED_INCLUDE_IN_FRAMEWORK_HEADER = YES;
				CLANG_WARN_RANGE_LOOP_ANALYSIS = YES;
				CLANG_WARN_STRICT_PROTOTYPES = YES;
				CLANG_WARN_SUSPICIOUS_MOVE = YES;
				CLANG_WARN_UNGUARDED_AVAILABILITY = YES_AGGRESSIVE;
				CLANG_WARN_UNREACHABLE_CODE = YES;
				CLANG_WARN__DUPLICATE_METHOD_MATCH = YES;
				COPY_PHASE_STRIP = NO;
				DEBUG_INFORMATION_FORMAT = dwarf;
				ENABLE_STRICT_OBJC_MSGSEND = YES;
				ENABLE_TESTABILITY = YES;
				ENABLE_USER_SCRIPT_SANDBOXING = YES;
				GCC_C_LANGUAGE_STANDARD = gnu17;
				GCC_DYNAMIC_NO_PIC = NO;
				GCC_NO_COMMON_BLOCKS = YES;
				GCC_OPTIMIZATION_LEVEL = 0;
				GCC_PREPROCESSOR_DEFINITIONS = (
					"DEBUG=1",
					"$(inherited)",
				);
				GCC_WARN_64_TO_32_BIT_CONVERSION = YES;
				GCC_WARN_ABOUT_RETURN_TYPE = YES_ERROR;
				GCC_WARN_UNDECLARED_SELECTOR = YES;
				GCC_WARN_UNINITIALIZED_AUTOS = YES_AGGRESSIVE;
				GCC_WARN_UNUSED_FUNCTION = YES;
				GCC_WARN_UNUSED_VARIABLE = YES;
				LOCALIZATION_PREFERS_STRING_CATALOGS = YES;
				MACOSX_DEPLOYMENT_TARGET = 14.0;
				MTL_ENABLE_DEBUG_INFO = INCLUDE_SOURCE;
				MTL_FAST_MATH = YES;
				ONLY_ACTIVE_ARCH = YES;
				SDKROOT = macosx;
				SWIFT_ACTIVE_COMPILATION_CONDITIONS = "DEBUG $(inherited)";
				SWIFT_OPTIMIZATION_LEVEL = "-Onone";
			};
			name = Debug;
		};
		963042E82B6A739C008D6F5A /* Release */ = {
			isa = XCBuildConfiguration;
			buildSettings = {
				ALWAYS_SEARCH_USER_PATHS = NO;
				ASSETCATALOG_COMPILER_GENERATE_SWIFT_ASSET_SYMBOL_EXTENSIONS = YES;
				CLANG_ANALYZER_NONNULL = YES;
				CLANG_ANALYZER_NUMBER_OBJECT_CONVERSION = YES_AGGRESSIVE;
				CLANG_CXX_LANGUAGE_STANDARD = "gnu++20";
				CLANG_ENABLE_MODULES = YES;
				CLANG_ENABLE_OBJC_ARC = YES;
				CLANG_ENABLE_OBJC_WEAK = YES;
				CLANG_WARN_BLOCK_CAPTURE_AUTORELEASING = YES;
				CLANG_WARN_BOOL_CONVERSION = YES;
				CLANG_WARN_COMMA = YES;
				CLANG_WARN_CONSTANT_CONVERSION = YES;
				CLANG_WARN_DEPRECATED_OBJC_IMPLEMENTATIONS = YES;
				CLANG_WARN_DIRECT_OBJC_ISA_USAGE = YES_ERROR;
				CLANG_WARN_DOCUMENTATION_COMMENTS = YES;
				CLANG_WARN_EMPTY_BODY = YES;
				CLANG_WARN_ENUM_CONVERSION = YES;
				CLANG_WARN_INFINITE_RECURSION = YES;
				CLANG_WARN_INT_CONVERSION = YES;
				CLANG_WARN_NON_LITERAL_NULL_CONVERSION = YES;
				CLANG_WARN_OBJC_IMPLICIT_RETAIN_SELF = YES;
				CLANG_WARN_OBJC_LITERAL_CONVERSION = YES;
				CLANG_WARN_OBJC_ROOT_CLASS = YES_ERROR;
				CLANG_WARN_QUOTED_INCLUDE_IN_FRAMEWORK_HEADER = YES;
				CLANG_WARN_RANGE_LOOP_ANALYSIS = YES;
				CLANG_WARN_STRICT_PROTOTYPES = YES;
				CLANG_WARN_SUSPICIOUS_MOVE = YES;
				CLANG_WARN_UNGUARDED_AVAILABILITY = YES_AGGRESSIVE;
				CLANG_WARN_UNREACHABLE_CODE = YES;
				CLANG_WARN__DUPLICATE_METHOD_MATCH = YES;
				COPY_PHASE_STRIP = NO;
				DEBUG_INFORMATION_FORMAT = "dwarf-with-dsym";
				ENABLE_NS_ASSERTIONS = NO;
				ENABLE_STRICT_OBJC_MSGSEND = YES;
				ENABLE_USER_SCRIPT_SANDBOXING = YES;
				GCC_C_LANGUAGE_STANDARD = gnu17;
				GCC_NO_COMMON_BLOCKS = YES;
				GCC_WARN_64_TO_32_BIT_CONVERSION = YES;
				GCC_WARN_ABOUT_RETURN_TYPE = YES_ERROR;
				GCC_WARN_UNDECLARED_SELECTOR = YES;
				GCC_WARN_UNINITIALIZED_AUTOS = YES_AGGRESSIVE;
				GCC_WARN_UNUSED_FUNCTION = YES;
				GCC_WARN_UNUSED_VARIABLE = YES;
				LOCALIZATION_PREFERS_STRING_CATALOGS = YES;
				MACOSX_DEPLOYMENT_TARGET = 14.0;
				MTL_ENABLE_DEBUG_INFO = NO;
				MTL_FAST_MATH = YES;
				SDKROOT = macosx;
				SWIFT_COMPILATION_MODE = wholemodule;
			};
			name = Release;
		};
		963042EA2B6A739C008D6F5A /* Debug */ = {
			isa = XCBuildConfiguration;
			buildSettings = {
				CODE_SIGN_STYLE = Automatic;
				DEVELOPMENT_TEAM = 679CMUJHT5;
				ENABLE_HARDENED_RUNTIME = YES;
				PRODUCT_NAME = "$(TARGET_NAME)";
				SWIFT_VERSION = 5.0;
			};
			name = Debug;
		};
		963042EB2B6A739C008D6F5A /* Release */ = {
			isa = XCBuildConfiguration;
			buildSettings = {
				CODE_SIGN_STYLE = Automatic;
				DEVELOPMENT_TEAM = 679CMUJHT5;
				ENABLE_HARDENED_RUNTIME = YES;
				PRODUCT_NAME = "$(TARGET_NAME)";
				SWIFT_VERSION = 5.0;
			};
			name = Release;
		};
/* End XCBuildConfiguration section */

/* Begin XCConfigurationList section */
		963042DD2B6A739C008D6F5A /* Build configuration list for PBXProject "TokenAnalize" */ = {
			isa = XCConfigurationList;
			buildConfigurations = (
				963042E72B6A739C008D6F5A /* Debug */,
				963042E82B6A739C008D6F5A /* Release */,
			);
			defaultConfigurationIsVisible = 0;
			defaultConfigurationName = Release;
		};
		963042E92B6A739C008D6F5A /* Build configuration list for PBXNativeTarget "TokenAnalize" */ = {
			isa = XCConfigurationList;
			buildConfigurations = (
				963042EA2B6A739C008D6F5A /* Debug */,
				963042EB2B6A739C008D6F5A /* Release */,
			);
			defaultConfigurationIsVisible = 0;
			defaultConfigurationName = Release;
		};
/* End XCConfigurationList section */
	};
	rootObject = 963042DA2B6A739C008D6F5A /* Project object */;
}
